
Microsoft Visual Studio Solution File, Format Version 12.00
# Visual Studio Version 16
VisualStudioVersion = 16.0.31613.86
MinimumVisualStudioVersion = 10.0.40219.1
Project("{8BC9CEB8-8B4A-11D0-8D11-00A0C91BC942}") = "11-15", "11-15.vcxproj", "{DAC8D20B-F2E1-4AB2-95C7-C94780BDC0A1}"
EndProject
Global
	GlobalSection(SolutionConfigurationPlatforms) = preSolution
		Debug|x64 = Debug|x64
		Debug|x86 = Debug|x86
		Release|x64 = Release|x64
		Release|x86 = Release|x86
	EndGlobalSection
	GlobalSection(ProjectConfigurationPlatforms) = postSolution
		{DAC8D20B-F2E1-4AB2-95C7-C94780BDC0A1}.Debug|x64.ActiveCfg = Debug|x64
		{DAC8D20B-F2E1-4AB2-95C7-C94780BDC0A1}.Debug|x64.Build.0 = Debug|x64
		{DAC8D20B-F2E1-4AB2-95C7-C94780BDC0A1}.Debug|x86.ActiveCfg = Debug|Win32
		{DAC8D20B-F2E1-4AB2-95C7-C94780BDC0A1}.Debug|x86.Build.0 = Debug|Win32
		{DAC8D20B-F2E1-4AB2-95C7-C94780BDC0A1}.Release|x64.ActiveCfg = Release|x64
		{DAC8D20B-F2E1-4AB2-95C7-C94780BDC0A1}.Release|x64.Build.0 = Release|x64
		{DAC8D20B-F2E1-4AB2-95C7-C94780BDC0A1}.Release|x86.ActiveCfg = Release|Win32
		{DAC8D20B-F2E1-4AB2-95C7-C94780BDC0A1}.Release|x86.Build.0 = Release|Win32
	EndGlobalSection
	GlobalSection(SolutionProperties) = preSolution
		HideSolutionNode = FALSE
	EndGlobalSection
	GlobalSection(ExtensibilityGlobals) = postSolution
		SolutionGuid = {0CF56578-09C9-4C4C-9694-D74A2A590A4F}
	EndGlobalSection
EndGlobal
