
Microsoft Visual Studio Solution File, Format Version 12.00
# Visual Studio Version 16
VisualStudioVersion = 16.0.31613.86
MinimumVisualStudioVersion = 10.0.40219.1
Project("{8BC9CEB8-8B4A-11D0-8D11-00A0C91BC942}") = "10_19", "10_19.vcxproj", "{46099739-31B2-4474-8724-11328ED795EE}"
EndProject
Global
	GlobalSection(SolutionConfigurationPlatforms) = preSolution
		Debug|x64 = Debug|x64
		Debug|x86 = Debug|x86
		Release|x64 = Release|x64
		Release|x86 = Release|x86
	EndGlobalSection
	GlobalSection(ProjectConfigurationPlatforms) = postSolution
		{46099739-31B2-4474-8724-11328ED795EE}.Debug|x64.ActiveCfg = Debug|x64
		{46099739-31B2-4474-8724-11328ED795EE}.Debug|x64.Build.0 = Debug|x64
		{46099739-31B2-4474-8724-11328ED795EE}.Debug|x86.ActiveCfg = Debug|Win32
		{46099739-31B2-4474-8724-11328ED795EE}.Debug|x86.Build.0 = Debug|Win32
		{46099739-31B2-4474-8724-11328ED795EE}.Release|x64.ActiveCfg = Release|x64
		{46099739-31B2-4474-8724-11328ED795EE}.Release|x64.Build.0 = Release|x64
		{46099739-31B2-4474-8724-11328ED795EE}.Release|x86.ActiveCfg = Release|Win32
		{46099739-31B2-4474-8724-11328ED795EE}.Release|x86.Build.0 = Release|Win32
	EndGlobalSection
	GlobalSection(SolutionProperties) = preSolution
		HideSolutionNode = FALSE
	EndGlobalSection
	GlobalSection(ExtensibilityGlobals) = postSolution
		SolutionGuid = {8CBBCDF5-2A85-40C4-A66E-6C02A575FB56}
	EndGlobalSection
EndGlobal
