
Microsoft Visual Studio Solution File, Format Version 12.00
# Visual Studio Version 16
VisualStudioVersion = 16.0.31613.86
MinimumVisualStudioVersion = 10.0.40219.1
Project("{8BC9CEB8-8B4A-11D0-8D11-00A0C91BC942}") = "test_12_15(2)", "test_12_15(2).vcxproj", "{5FEB7119-DA59-464F-8491-EEA8C8D7A4C5}"
EndProject
Global
	GlobalSection(SolutionConfigurationPlatforms) = preSolution
		Debug|x64 = Debug|x64
		Debug|x86 = Debug|x86
		Release|x64 = Release|x64
		Release|x86 = Release|x86
	EndGlobalSection
	GlobalSection(ProjectConfigurationPlatforms) = postSolution
		{5FEB7119-DA59-464F-8491-EEA8C8D7A4C5}.Debug|x64.ActiveCfg = Debug|x64
		{5FEB7119-DA59-464F-8491-EEA8C8D7A4C5}.Debug|x64.Build.0 = Debug|x64
		{5FEB7119-DA59-464F-8491-EEA8C8D7A4C5}.Debug|x86.ActiveCfg = Debug|Win32
		{5FEB7119-DA59-464F-8491-EEA8C8D7A4C5}.Debug|x86.Build.0 = Debug|Win32
		{5FEB7119-DA59-464F-8491-EEA8C8D7A4C5}.Release|x64.ActiveCfg = Release|x64
		{5FEB7119-DA59-464F-8491-EEA8C8D7A4C5}.Release|x64.Build.0 = Release|x64
		{5FEB7119-DA59-464F-8491-EEA8C8D7A4C5}.Release|x86.ActiveCfg = Release|Win32
		{5FEB7119-DA59-464F-8491-EEA8C8D7A4C5}.Release|x86.Build.0 = Release|Win32
	EndGlobalSection
	GlobalSection(SolutionProperties) = preSolution
		HideSolutionNode = FALSE
	EndGlobalSection
	GlobalSection(ExtensibilityGlobals) = postSolution
		SolutionGuid = {757EB086-A13D-4D1B-971C-E8D89CA9665C}
	EndGlobalSection
EndGlobal
