
Microsoft Visual Studio Solution File, Format Version 12.00
# Visual Studio Version 16
VisualStudioVersion = 16.0.31613.86
MinimumVisualStudioVersion = 10.0.40219.1
Project("{8BC9CEB8-8B4A-11D0-8D11-00A0C91BC942}") = "dbs(2)", "dbs(2).vcxproj", "{41FFD0BF-2EC2-4C9F-9E04-29FC92D4F452}"
EndProject
Global
	GlobalSection(SolutionConfigurationPlatforms) = preSolution
		Debug|x64 = Debug|x64
		Debug|x86 = Debug|x86
		Release|x64 = Release|x64
		Release|x86 = Release|x86
	EndGlobalSection
	GlobalSection(ProjectConfigurationPlatforms) = postSolution
		{41FFD0BF-2EC2-4C9F-9E04-29FC92D4F452}.Debug|x64.ActiveCfg = Debug|x64
		{41FFD0BF-2EC2-4C9F-9E04-29FC92D4F452}.Debug|x64.Build.0 = Debug|x64
		{41FFD0BF-2EC2-4C9F-9E04-29FC92D4F452}.Debug|x86.ActiveCfg = Debug|Win32
		{41FFD0BF-2EC2-4C9F-9E04-29FC92D4F452}.Debug|x86.Build.0 = Debug|Win32
		{41FFD0BF-2EC2-4C9F-9E04-29FC92D4F452}.Release|x64.ActiveCfg = Release|x64
		{41FFD0BF-2EC2-4C9F-9E04-29FC92D4F452}.Release|x64.Build.0 = Release|x64
		{41FFD0BF-2EC2-4C9F-9E04-29FC92D4F452}.Release|x86.ActiveCfg = Release|Win32
		{41FFD0BF-2EC2-4C9F-9E04-29FC92D4F452}.Release|x86.Build.0 = Release|Win32
	EndGlobalSection
	GlobalSection(SolutionProperties) = preSolution
		HideSolutionNode = FALSE
	EndGlobalSection
	GlobalSection(ExtensibilityGlobals) = postSolution
		SolutionGuid = {32EE68F2-910C-472F-9859-00FACB5C934F}
	EndGlobalSection
EndGlobal
